{
  "lockfileVersion": 1,
  "workspaces": {
    "": {
      "name": "schools-api",
      "dependencies": {
        "@scalar/hono-api-reference": "^0.9.11",
        "hono": "^4.8.5",
      },
      "devDependencies": {
        "@types/bun": "latest",
      },
    },
  },
  "packages": {
    "@scalar/core": ["@scalar/core@0.3.9", "", { "dependencies": { "@scalar/types": "0.2.9" } }, "sha512-y+IdzpbsEef5Zr3cLoTPQpZ2iay32r0fEJnY4Q8+YtgRJjqWeEdOJMD5EcU6OnlUbtJyhCpdAwlHZLxschrmyA=="],

    "@scalar/hono-api-reference": ["@scalar/hono-api-reference@0.9.11", "", { "dependencies": { "@scalar/core": "0.3.9" }, "peerDependencies": { "hono": "^4.0.0" } }, "sha512-9/2Zf856W+QUxYRHN3dTz3op7RNmz1glqEs3nPuiLvg0HWwrwfsUbnFCAQuW0uOAtJQPk/K4vlfNNNBiQzUUDw=="],

    "@scalar/openapi-types": ["@scalar/openapi-types@0.3.6", "", { "dependencies": { "zod": "3.24.1" } }, "sha512-hkLIgDIQxSgZNYCqNkty2p/V8hjeMf711uT8IKIjNw8oaT/cjT1HC/3V0FVhJ6x2eaufir+WXt5Zqv/iVk5pyQ=="],

    "@scalar/types": ["@scalar/types@0.2.9", "", { "dependencies": { "@scalar/openapi-types": "0.3.6", "nanoid": "5.1.5", "zod": "3.24.1" } }, "sha512-rRnu60g5PSahdsCYSR9kFZG5f9rtYBpAsWDih2y67V6enVNpsfP8l4VAgNCXYbQuYjmI+W+mA1llMRdaVp0gNA=="],

    "@types/bun": ["@types/bun@1.2.19", "", { "dependencies": { "bun-types": "1.2.19" } }, "sha512-d9ZCmrH3CJ2uYKXQIUuZ/pUnTqIvLDS0SK7pFmbx8ma+ziH/FRMoAq5bYpRG7y+w1gl+HgyNZbtqgMq4W4e2Lg=="],

    "@types/node": ["@types/node@24.0.15", "", { "dependencies": { "undici-types": "~7.8.0" } }, "sha512-oaeTSbCef7U/z7rDeJA138xpG3NuKc64/rZ2qmUFkFJmnMsAPaluIifqyWd8hSSMxyP9oie3dLAqYPblag9KgA=="],

    "@types/react": ["@types/react@19.1.8", "", { "dependencies": { "csstype": "^3.0.2" } }, "sha512-AwAfQ2Wa5bCx9WP8nZL2uMZWod7J7/JSplxbTmBQ5ms6QpqNYm672H0Vu9ZVKVngQ+ii4R/byguVEUZQyeg44g=="],

    "bun-types": ["bun-types@1.2.19", "", { "dependencies": { "@types/node": "*" }, "peerDependencies": { "@types/react": "^19" } }, "sha512-uAOTaZSPuYsWIXRpj7o56Let0g/wjihKCkeRqUBhlLVM/Bt+Fj9xTo+LhC1OV1XDaGkz4hNC80et5xgy+9KTHQ=="],

    "csstype": ["csstype@3.1.3", "", {}, "sha512-M1uQkMl8rQK/szD0LNhtqxIPLpimGm8sOBwU7lLnCpSbTyY3yeU1Vc7l4KT5zT4s/yOxHH5O7tIuuLOCnLADRw=="],

    "hono": ["hono@4.8.5", "", {}, "sha512-Up2cQbtNz1s111qpnnECdTGqSIUIhZJMLikdKkshebQSEBcoUKq6XJayLGqSZWidiH0zfHRCJqFu062Mz5UuRA=="],

    "nanoid": ["nanoid@5.1.5", "", { "bin": { "nanoid": "bin/nanoid.js" } }, "sha512-Ir/+ZpE9fDsNH0hQ3C68uyThDXzYcim2EqcZ8zn8Chtt1iylPT9xXJB0kPCnqzgcEGikO9RxSrh63MsmVCU7Fw=="],

    "undici-types": ["undici-types@7.8.0", "", {}, "sha512-9UJ2xGDvQ43tYyVMpuHlsgApydB8ZKfVYTsLDhXkFL/6gfkp+U8xTGdh8pMJv1SpZna0zxG1DwsKZsreLbXBxw=="],

    "zod": ["zod@3.24.1", "", {}, "sha512-muH7gBL9sI1nciMZV67X5fTKKBLtwpZ5VBp1vsOQzj1MhrBZ4wlVCm3gedKZWLp0Oyel8sIGfeiz54Su+OVT+A=="],
  }
}
